// !$*UTF8*$!
{
	archiveVersion = 1;
	classes = {
	};
	objectVersion = 46;
	objects = {

/* Begin PBXBuildFile section */
		0A5EA67C1E1CC7110078FE52 /* main.cpp in Sources */ = {isa = PBXBuildFile; fileRef = 0A5EA67B1E1CC7110078FE52 /* main.cpp */; };
/* End PBXBuildFile section */

/* Begin PBXCopyFilesBuildPhase section */
		0A5EA6761E1CC7110078FE52 /* CopyFiles */ = {
			isa = PBXCopyFilesBuildPhase;
			buildActionMask = 2147483647;
			dstPath = /usr/share/man/man1/;
			dstSubfolderSpec = 0;
			files = (
			);
			runOnlyForDeploymentPostprocessing = 1;
		};
/* End PBXCopyFilesBuildPhase section */

/* Begin PBXFileReference section */
		0A5EA6781E1CC7110078FE52 /* json_parser_xcode */ = {isa = PBXFileReference; explicitFileType = "compiled.mach-o.executable"; includeInIndex = 0; path = json_parser_xcode; sourceTree = BUILT_PRODUCTS_DIR; };
		0A5EA67B1E1CC7110078FE52 /* main.cpp */ = {isa = PBXFileReference; lastKnownFileType = sourcecode.cpp.cpp; path = main.cpp; sourceTree = "<group>"; };
		0A5EA6821E1CC7430078FE52 /* json.hpp */ = {isa = PBXFileReference; fileEncoding = 4; lastKnownFileType = sourcecode.cpp.h; path = json.hpp; sourceTree = "<group>"; };
		0A5EA6831E1CC91D0078FE52 /* data.txt */ = {isa = PBXFileReference; fileEncoding = 4; lastKnownFileType = text; path = data.txt; sourceTree = "<group>"; };
		0AB73A101E1E467200F35E18 /* data_json.json */ = {isa = PBXFileReference; fileEncoding = 4; lastKnownFileType = text.json; path = data_json.json; sourceTree = "<group>"; };
		0AB73A131E1E4BCA00F35E18 /* stringified_json.json */ = {isa = PBXFileReference; fileEncoding = 4; lastKnownFileType = text.json; path = stringified_json.json; sourceTree = "<group>"; };
		0AB73A141E1E540300F35E18 /* output.json */ = {isa = PBXFileReference; fileEncoding = 4; lastKnownFileType = text.json; path = output.json; sourceTree = "<group>"; };
/* End PBXFileReference section */

/* Begin PBXFrameworksBuildPhase section */
		0A5EA6751E1CC7110078FE52 /* Frameworks */ = {
			isa = PBXFrameworksBuildPhase;
			buildActionMask = 2147483647;
			files = (
			);
			runOnlyForDeploymentPostprocessing = 0;
		};
/* End PBXFrameworksBuildPhase section */

/* Begin PBXGroup section */
		0A5EA66F1E1CC7110078FE52 = {
			isa = PBXGroup;
			children = (
				0A5EA67A1E1CC7110078FE52 /* json_parser_xcode */,
				0A5EA6791E1CC7110078FE52 /* Products */,
			);
			sourceTree = "<group>";
		};
		0A5EA6791E1CC7110078FE52 /* Products */ = {
			isa = PBXGroup;
			children = (
				0A5EA6781E1CC7110078FE52 /* json_parser_xcode */,
			);
			name = Products;
			sourceTree = "<group>";
		};
		0A5EA67A1E1CC7110078FE52 /* json_parser_xcode */ = {
			isa = PBXGroup;
			children = (
				0AB73A131E1E4BCA00F35E18 /* stringified_json.json */,
				0A5EA6821E1CC7430078FE52 /* json.hpp */,
				0A5EA67B1E1CC7110078FE52 /* main.cpp */,
				0A5EA6831E1CC91D0078FE52 /* data.txt */,
				0AB73A101E1E467200F35E18 /* data_json.json */,
				0AB73A141E1E540300F35E18 /* output.json */,
			);
			path = json_parser_xcode;
			sourceTree = "<group>";
		};
/* End PBXGroup section */

/* Begin PBXNativeTarget section */
		0A5EA6771E1CC7110078FE52 /* json_parser_xcode */ = {
			isa = PBXNativeTarget;
			buildConfigurationList = 0A5EA67F1E1CC7110078FE52 /* Build configuration list for PBXNativeTarget "json_parser_xcode" */;
			buildPhases = (
				0A5EA6741E1CC7110078FE52 /* Sources */,
				0A5EA6751E1CC7110078FE52 /* Frameworks */,
				0A5EA6761E1CC7110078FE52 /* CopyFiles */,
			);
			buildRules = (
			);
			dependencies = (
			);
			name = json_parser_xcode;
			productName = json_parser_xcode;
			productReference = 0A5EA6781E1CC7110078FE52 /* json_parser_xcode */;
			productType = "com.apple.product-type.tool";
		};
/* End PBXNativeTarget section */

/* Begin PBXProject section */
		0A5EA6701E1CC7110078FE52 /* Project object */ = {
			isa = PBXProject;
			attributes = {
				LastUpgradeCheck = 0730;
				ORGANIZATIONNAME = omalperera.com;
				TargetAttributes = {
					0A5EA6771E1CC7110078FE52 = {
						CreatedOnToolsVersion = 7.3.1;
					};
				};
			};
			buildConfigurationList = 0A5EA6731E1CC7110078FE52 /* Build configuration list for PBXProject "json_parser_xcode" */;
			compatibilityVersion = "Xcode 3.2";
			developmentRegion = English;
			hasScannedForEncodings = 0;
			knownRegions = (
				en,
			);
			mainGroup = 0A5EA66F1E1CC7110078FE52;
			productRefGroup = 0A5EA6791E1CC7110078FE52 /* Products */;
			projectDirPath = "";
			projectRoot = "";
			targets = (
				0A5EA6771E1CC7110078FE52 /* json_parser_xcode */,
			);
		};
/* End PBXProject section */

/* Begin PBXSourcesBuildPhase section */
		0A5EA6741E1CC7110078FE52 /* Sources */ = {
			isa = PBXSourcesBuildPhase;
			buildActionMask = 2147483647;
			files = (
				0A5EA67C1E1CC7110078FE52 /* main.cpp in Sources */,
			);
			runOnlyForDeploymentPostprocessing = 0;
		};
/* End PBXSourcesBuildPhase section */

/* Begin XCBuildConfiguration section */
		0A5EA67D1E1CC7110078FE52 /* Debug */ = {
			isa = XCBuildConfiguration;
			buildSettings = {
				ALWAYS_SEARCH_USER_PATHS = NO;
				CLANG_ANALYZER_NONNULL = YES;
				CLANG_CXX_LANGUAGE_STANDARD = "gnu++0x";
				CLANG_CXX_LIBRARY = "libc++";
				CLANG_ENABLE_MODULES = YES;
				CLANG_ENABLE_OBJC_ARC = YES;
				CLANG_WARN_BOOL_CONVERSION = YES;
				CLANG_WARN_CONSTANT_CONVERSION = YES;
				CLANG_WARN_DIRECT_OBJC_ISA_USAGE = YES_ERROR;
				CLANG_WARN_EMPTY_BODY = YES;
				CLANG_WARN_ENUM_CONVERSION = YES;
				CLANG_WARN_INT_CONVERSION = YES;
				CLANG_WARN_OBJC_ROOT_CLASS = YES_ERROR;
				CLANG_WARN_UNREACHABLE_CODE = YES;
				CLANG_WARN__DUPLICATE_METHOD_MATCH = YES;
				CODE_SIGN_IDENTITY = "-";
				COPY_PHASE_STRIP = NO;
				DEBUG_INFORMATION_FORMAT = dwarf;
				ENABLE_STRICT_OBJC_MSGSEND = YES;
				ENABLE_TESTABILITY = YES;
				GCC_C_LANGUAGE_STANDARD = gnu99;
				GCC_DYNAMIC_NO_PIC = NO;
				GCC_NO_COMMON_BLOCKS = YES;
				GCC_OPTIMIZATION_LEVEL = 0;
				GCC_PREPROCESSOR_DEFINITIONS = (
					"DEBUG=1",
					"$(inherited)",
				);
				GCC_WARN_64_TO_32_BIT_CONVERSION = YES;
				GCC_WARN_ABOUT_RETURN_TYPE = YES_ERROR;
				GCC_WARN_UNDECLARED_SELECTOR = YES;
				GCC_WARN_UNINITIALIZED_AUTOS = YES_AGGRESSIVE;
				GCC_WARN_UNUSED_FUNCTION = YES;
				GCC_WARN_UNUSED_VARIABLE = YES;
				MACOSX_DEPLOYMENT_TARGET = 10.11;
				MTL_ENABLE_DEBUG_INFO = YES;
				ONLY_ACTIVE_ARCH = YES;
				SDKROOT = macosx;
			};
			name = Debug;
		};
		0A5EA67E1E1CC7110078FE52 /* Release */ = {
			isa = XCBuildConfiguration;
			buildSettings = {
				ALWAYS_SEARCH_USER_PATHS = NO;
				CLANG_ANALYZER_NONNULL = YES;
				CLANG_CXX_LANGUAGE_STANDARD = "gnu++0x";
				CLANG_CXX_LIBRARY = "libc++";
				CLANG_ENABLE_MODULES = YES;
				CLANG_ENABLE_OBJC_ARC = YES;
				CLANG_WARN_BOOL_CONVERSION = YES;
				CLANG_WARN_CONSTANT_CONVERSION = YES;
				CLANG_WARN_DIRECT_OBJC_ISA_USAGE = YES_ERROR;
				CLANG_WARN_EMPTY_BODY = YES;
				CLANG_WARN_ENUM_CONVERSION = YES;
				CLANG_WARN_INT_CONVERSION = YES;
				CLANG_WARN_OBJC_ROOT_CLASS = YES_ERROR;
				CLANG_WARN_UNREACHABLE_CODE = YES;
				CLANG_WARN__DUPLICATE_METHOD_MATCH = YES;
				CODE_SIGN_IDENTITY = "-";
				COPY_PHASE_STRIP = NO;
				DEBUG_INFORMATION_FORMAT = "dwarf-with-dsym";
				ENABLE_NS_ASSERTIONS = NO;
				ENABLE_STRICT_OBJC_MSGSEND = YES;
				GCC_C_LANGUAGE_STANDARD = gnu99;
				GCC_NO_COMMON_BLOCKS = YES;
				GCC_WARN_64_TO_32_BIT_CONVERSION = YES;
				GCC_WARN_ABOUT_RETURN_TYPE = YES_ERROR;
				GCC_WARN_UNDECLARED_SELECTOR = YES;
				GCC_WARN_UNINITIALIZED_AUTOS = YES_AGGRESSIVE;
				GCC_WARN_UNUSED_FUNCTION = YES;
				GCC_WARN_UNUSED_VARIABLE = YES;
				MACOSX_DEPLOYMENT_TARGET = 10.11;
				MTL_ENABLE_DEBUG_INFO = NO;
				SDKROOT = macosx;
			};
			name = Release;
		};
		0A5EA6801E1CC7110078FE52 /* Debug */ = {
			isa = XCBuildConfiguration;
			buildSettings = {
				PRODUCT_NAME = "$(TARGET_NAME)";
			};
			name = Debug;
		};
		0A5EA6811E1CC7110078FE52 /* Release */ = {
			isa = XCBuildConfiguration;
			buildSettings = {
				PRODUCT_NAME = "$(TARGET_NAME)";
			};
			name = Release;
		};
/* End XCBuildConfiguration section */

/* Begin XCConfigurationList section */
		0A5EA6731E1CC7110078FE52 /* Build configuration list for PBXProject "json_parser_xcode" */ = {
			isa = XCConfigurationList;
			buildConfigurations = (
				0A5EA67D1E1CC7110078FE52 /* Debug */,
				0A5EA67E1E1CC7110078FE52 /* Release */,
			);
			defaultConfigurationIsVisible = 0;
			defaultConfigurationName = Release;
		};
		0A5EA67F1E1CC7110078FE52 /* Build configuration list for PBXNativeTarget "json_parser_xcode" */ = {
			isa = XCConfigurationList;
			buildConfigurations = (
				0A5EA6801E1CC7110078FE52 /* Debug */,
				0A5EA6811E1CC7110078FE52 /* Release */,
			);
			defaultConfigurationIsVisible = 0;
			defaultConfigurationName = Release;
		};
/* End XCConfigurationList section */
	};
	rootObject = 0A5EA6701E1CC7110078FE52 /* Project object */;
}
